{
  "name": "lgtm-generator",
  "version": "1.0.0",
  "lockfileVersion": 1,
  "requires": true,
  "dependencies": {
    "dictionary-en-us": {
      "version": "2.0.0",
      "resolved": "https://registry.npmjs.org/dictionary-en-us/-/dictionary-en-us-2.0.0.tgz",
      "integrity": "sha512-AK8iDBvTHD0bxcEFEDUtofQ9w8Po7ZQCrrZo06ELw3UngJcnjUoEwvrkQfdeRBRcKD+QG9RU6SPYFYGGbuEQXQ=="
    }
  }
}
